
Microsoft Visual Studio Solution File, Format Version 12.00
# Visual Studio Version 17
VisualStudioVersion = 17.9.34607.119
MinimumVisualStudioVersion = 10.0.40219.1
Project("{2150E333-8FDC-42A3-9474-1A3956D46DE8}") = "CQRSDesignPattern", "CQRSDesignPattern", "{A5404DD4-E222-422C-92E4-106907799A63}"
EndProject
Project("{FAE04EC0-301F-11D3-BF4B-00C04F79EFBC}") = "DesignPattern.CQRS", "CQRSDesignPattern\DesignPattern.CQRS\DesignPattern.CQRS.csproj", "{2F569361-C0F8-4C0E-A043-DB6AFDA91C94}"
EndProject
Global
	GlobalSection(SolutionConfigurationPlatforms) = preSolution
		Debug|Any CPU = Debug|Any CPU
		Release|Any CPU = Release|Any CPU
	EndGlobalSection
	GlobalSection(ProjectConfigurationPlatforms) = postSolution
		{2F569361-C0F8-4C0E-A043-DB6AFDA91C94}.Debug|Any CPU.ActiveCfg = Debug|Any CPU
		{2F569361-C0F8-4C0E-A043-DB6AFDA91C94}.Debug|Any CPU.Build.0 = Debug|Any CPU
		{2F569361-C0F8-4C0E-A043-DB6AFDA91C94}.Release|Any CPU.ActiveCfg = Release|Any CPU
		{2F569361-C0F8-4C0E-A043-DB6AFDA91C94}.Release|Any CPU.Build.0 = Release|Any CPU
	EndGlobalSection
	GlobalSection(SolutionProperties) = preSolution
		HideSolutionNode = FALSE
	EndGlobalSection
	GlobalSection(NestedProjects) = preSolution
		{2F569361-C0F8-4C0E-A043-DB6AFDA91C94} = {A5404DD4-E222-422C-92E4-106907799A63}
	EndGlobalSection
	GlobalSection(ExtensibilityGlobals) = postSolution
		SolutionGuid = {FB21932B-9477-4A61-A492-82DE9C854C2B}
	EndGlobalSection
EndGlobal
